
Microsoft Visual Studio Solution File, Format Version 12.00
# Visual Studio Version 17
VisualStudioVersion = 17.6.33815.320
MinimumVisualStudioVersion = 10.0.40219.1
Project("{FAE04EC0-301F-11D3-BF4B-00C04F79EFBC}") = "Hipotenusa", "Hipotenusa\Hipotenusa.csproj", "{B8B0A3D2-6D69-4354-A3CC-C2F2AE89D3A0}"
EndProject
Global
	GlobalSection(SolutionConfigurationPlatforms) = preSolution
		Debug|Any CPU = Debug|Any CPU
		Release|Any CPU = Release|Any CPU
	EndGlobalSection
	GlobalSection(ProjectConfigurationPlatforms) = postSolution
		{B8B0A3D2-6D69-4354-A3CC-C2F2AE89D3A0}.Debug|Any CPU.ActiveCfg = Debug|Any CPU
		{B8B0A3D2-6D69-4354-A3CC-C2F2AE89D3A0}.Debug|Any CPU.Build.0 = Debug|Any CPU
		{B8B0A3D2-6D69-4354-A3CC-C2F2AE89D3A0}.Release|Any CPU.ActiveCfg = Release|Any CPU
		{B8B0A3D2-6D69-4354-A3CC-C2F2AE89D3A0}.Release|Any CPU.Build.0 = Release|Any CPU
	EndGlobalSection
	GlobalSection(SolutionProperties) = preSolution
		HideSolutionNode = FALSE
	EndGlobalSection
	GlobalSection(ExtensibilityGlobals) = postSolution
		SolutionGuid = {AFCCCA39-67E0-44AD-8D62-2BE72A369612}
	EndGlobalSection
EndGlobal
